// !$*UTF8*$!
{
	archiveVersion = 1;
	classes = {
	};
	objectVersion = 50;
	objects = {

/* Begin PBXBuildFile section */
		D1F5421625F8D69600A48C7A /* AppDelegate.swift in Sources */ = {isa = PBXBuildFile; fileRef = D1F5421525F8D69600A48C7A /* AppDelegate.swift */; };
		D1F5421825F8D69600A48C7A /* SceneDelegate.swift in Sources */ = {isa = PBXBuildFile; fileRef = D1F5421725F8D69600A48C7A /* SceneDelegate.swift */; };
		D1F5421A25F8D69600A48C7A /* ContentView.swift in Sources */ = {isa = PBXBuildFile; fileRef = D1F5421925F8D69600A48C7A /* ContentView.swift */; };
		D1F5421C25F8D69700A48C7A /* Assets.xcassets in Resources */ = {isa = PBXBuildFile; fileRef = D1F5421B25F8D69700A48C7A /* Assets.xcassets */; };
		D1F5421F25F8D69700A48C7A /* Preview Assets.xcassets in Resources */ = {isa = PBXBuildFile; fileRef = D1F5421E25F8D69700A48C7A /* Preview Assets.xcassets */; };
		D1F5422225F8D69700A48C7A /* LaunchScreen.storyboard in Resources */ = {isa = PBXBuildFile; fileRef = D1F5422025F8D69700A48C7A /* LaunchScreen.storyboard */; };
/* End PBXBuildFile section */

/* Begin PBXFileReference section */
		D1F5421225F8D69600A48C7A /* SpinFruits.app */ = {isa = PBXFileReference; explicitFileType = wrapper.application; includeInIndex = 0; path = SpinFruits.app; sourceTree = BUILT_PRODUCTS_DIR; };
		D1F5421525F8D69600A48C7A /* AppDelegate.swift */ = {isa = PBXFileReference; lastKnownFileType = sourcecode.swift; path = AppDelegate.swift; sourceTree = "<group>"; };
		D1F5421725F8D69600A48C7A /* SceneDelegate.swift */ = {isa = PBXFileReference; lastKnownFileType = sourcecode.swift; path = SceneDelegate.swift; sourceTree = "<group>"; };
		D1F5421925F8D69600A48C7A /* ContentView.swift */ = {isa = PBXFileReference; lastKnownFileType = sourcecode.swift; path = ContentView.swift; sourceTree = "<group>"; };
		D1F5421B25F8D69700A48C7A /* Assets.xcassets */ = {isa = PBXFileReference; lastKnownFileType = folder.assetcatalog; path = Assets.xcassets; sourceTree = "<group>"; };
		D1F5421E25F8D69700A48C7A /* Preview Assets.xcassets */ = {isa = PBXFileReference; lastKnownFileType = folder.assetcatalog; path = "Preview Assets.xcassets"; sourceTree = "<group>"; };
		D1F5422125F8D69700A48C7A /* Base */ = {isa = PBXFileReference; lastKnownFileType = file.storyboard; name = Base; path = Base.lproj/LaunchScreen.storyboard; sourceTree = "<group>"; };
		D1F5422325F8D69700A48C7A /* Info.plist */ = {isa = PBXFileReference; lastKnownFileType = text.plist.xml; path = Info.plist; sourceTree = "<group>"; };
/* End PBXFileReference section */

/* Begin PBXFrameworksBuildPhase section */
		D1F5420F25F8D69600A48C7A /* Frameworks */ = {
			isa = PBXFrameworksBuildPhase;
			buildActionMask = 2147483647;
			files = (
			);
			runOnlyForDeploymentPostprocessing = 0;
		};
/* End PBXFrameworksBuildPhase section */

/* Begin PBXGroup section */
		D1F5420925F8D69600A48C7A = {
			isa = PBXGroup;
			children = (
				D1F5421425F8D69600A48C7A /* SpinFruits */,
				D1F5421325F8D69600A48C7A /* Products */,
			);
			sourceTree = "<group>";
		};
		D1F5421325F8D69600A48C7A /* Products */ = {
			isa = PBXGroup;
			children = (
				D1F5421225F8D69600A48C7A /* SpinFruits.app */,
			);
			name = Products;
			sourceTree = "<group>";
		};
		D1F5421425F8D69600A48C7A /* SpinFruits */ = {
			isa = PBXGroup;
			children = (
				D1F5421525F8D69600A48C7A /* AppDelegate.swift */,
				D1F5421725F8D69600A48C7A /* SceneDelegate.swift */,
				D1F5421925F8D69600A48C7A /* ContentView.swift */,
				D1F5421B25F8D69700A48C7A /* Assets.xcassets */,
				D1F5422025F8D69700A48C7A /* LaunchScreen.storyboard */,
				D1F5422325F8D69700A48C7A /* Info.plist */,
				D1F5421D25F8D69700A48C7A /* Preview Content */,
			);
			path = SpinFruits;
			sourceTree = "<group>";
		};
		D1F5421D25F8D69700A48C7A /* Preview Content */ = {
			isa = PBXGroup;
			children = (
				D1F5421E25F8D69700A48C7A /* Preview Assets.xcassets */,
			);
			path = "Preview Content";
			sourceTree = "<group>";
		};
/* End PBXGroup section */

/* Begin PBXNativeTarget section */
		D1F5421125F8D69600A48C7A /* SpinFruits */ = {
			isa = PBXNativeTarget;
			buildConfigurationList = D1F5422625F8D69700A48C7A /* Build configuration list for PBXNativeTarget "SpinFruits" */;
			buildPhases = (
				D1F5420E25F8D69600A48C7A /* Sources */,
				D1F5420F25F8D69600A48C7A /* Frameworks */,
				D1F5421025F8D69600A48C7A /* Resources */,
			);
			buildRules = (
			);
			dependencies = (
			);
			name = SpinFruits;
			productName = SpinFruits;
			productReference = D1F5421225F8D69600A48C7A /* SpinFruits.app */;
			productType = "com.apple.product-type.application";
		};
/* End PBXNativeTarget section */

/* Begin PBXProject section */
		D1F5420A25F8D69600A48C7A /* Project object */ = {
			isa = PBXProject;
			attributes = {
				LastSwiftUpdateCheck = 1130;
				LastUpgradeCheck = 1130;
				ORGANIZATIONNAME = ArjMaster;
				TargetAttributes = {
					D1F5421125F8D69600A48C7A = {
						CreatedOnToolsVersion = 11.3.1;
					};
				};
			};
			buildConfigurationList = D1F5420D25F8D69600A48C7A /* Build configuration list for PBXProject "SpinFruits" */;
			compatibilityVersion = "Xcode 9.3";
			developmentRegion = en;
			hasScannedForEncodings = 0;
			knownRegions = (
				en,
				Base,
			);
			mainGroup = D1F5420925F8D69600A48C7A;
			productRefGroup = D1F5421325F8D69600A48C7A /* Products */;
			projectDirPath = "";
			projectRoot = "";
			targets = (
				D1F5421125F8D69600A48C7A /* SpinFruits */,
			);
		};
/* End PBXProject section */

/* Begin PBXResourcesBuildPhase section */
		D1F5421025F8D69600A48C7A /* Resources */ = {
			isa = PBXResourcesBuildPhase;
			buildActionMask = 2147483647;
			files = (
				D1F5422225F8D69700A48C7A /* LaunchScreen.storyboard in Resources */,
				D1F5421F25F8D69700A48C7A /* Preview Assets.xcassets in Resources */,
				D1F5421C25F8D69700A48C7A /* Assets.xcassets in Resources */,
			);
			runOnlyForDeploymentPostprocessing = 0;
		};
/* End PBXResourcesBuildPhase section */

/* Begin PBXSourcesBuildPhase section */
		D1F5420E25F8D69600A48C7A /* Sources */ = {
			isa = PBXSourcesBuildPhase;
			buildActionMask = 2147483647;
			files = (
				D1F5421625F8D69600A48C7A /* AppDelegate.swift in Sources */,
				D1F5421825F8D69600A48C7A /* SceneDelegate.swift in Sources */,
				D1F5421A25F8D69600A48C7A /* ContentView.swift in Sources */,
			);
			runOnlyForDeploymentPostprocessing = 0;
		};
/* End PBXSourcesBuildPhase section */

/* Begin PBXVariantGroup section */
		D1F5422025F8D69700A48C7A /* LaunchScreen.storyboard */ = {
			isa = PBXVariantGroup;
			children = (
				D1F5422125F8D69700A48C7A /* Base */,
			);
			name = LaunchScreen.storyboard;
			sourceTree = "<group>";
		};
/* End PBXVariantGroup section */

/* Begin XCBuildConfiguration section */
		D1F5422425F8D69700A48C7A /* Debug */ = {
			isa = XCBuildConfiguration;
			buildSettings = {
				ALWAYS_SEARCH_USER_PATHS = NO;
				CLANG_ANALYZER_NONNULL = YES;
				CLANG_ANALYZER_NUMBER_OBJECT_CONVERSION = YES_AGGRESSIVE;
				CLANG_CXX_LANGUAGE_STANDARD = "gnu++14";
				CLANG_CXX_LIBRARY = "libc++";
				CLANG_ENABLE_MODULES = YES;
				CLANG_ENABLE_OBJC_ARC = YES;
				CLANG_ENABLE_OBJC_WEAK = YES;
				CLANG_WARN_BLOCK_CAPTURE_AUTORELEASING = YES;
				CLANG_WARN_BOOL_CONVERSION = YES;
				CLANG_WARN_COMMA = YES;
				CLANG_WARN_CONSTANT_CONVERSION = YES;
				CLANG_WARN_DEPRECATED_OBJC_IMPLEMENTATIONS = YES;
				CLANG_WARN_DIRECT_OBJC_ISA_USAGE = YES_ERROR;
				CLANG_WARN_DOCUMENTATION_COMMENTS = YES;
				CLANG_WARN_EMPTY_BODY = YES;
				CLANG_WARN_ENUM_CONVERSION = YES;
				CLANG_WARN_INFINITE_RECURSION = YES;
				CLANG_WARN_INT_CONVERSION = YES;
				CLANG_WARN_NON_LITERAL_NULL_CONVERSION = YES;
				CLANG_WARN_OBJC_IMPLICIT_RETAIN_SELF = YES;
				CLANG_WARN_OBJC_LITERAL_CONVERSION = YES;
				CLANG_WARN_OBJC_ROOT_CLASS = YES_ERROR;
				CLANG_WARN_RANGE_LOOP_ANALYSIS = YES;
				CLANG_WARN_STRICT_PROTOTYPES = YES;
				CLANG_WARN_SUSPICIOUS_MOVE = YES;
				CLANG_WARN_UNGUARDED_AVAILABILITY = YES_AGGRESSIVE;
				CLANG_WARN_UNREACHABLE_CODE = YES;
				CLANG_WARN__DUPLICATE_METHOD_MATCH = YES;
				COPY_PHASE_STRIP = NO;
				DEBUG_INFORMATION_FORMAT = dwarf;
				ENABLE_STRICT_OBJC_MSGSEND = YES;
				ENABLE_TESTABILITY = YES;
				GCC_C_LANGUAGE_STANDARD = gnu11;
				GCC_DYNAMIC_NO_PIC = NO;
				GCC_NO_COMMON_BLOCKS = YES;
				GCC_OPTIMIZATION_LEVEL = 0;
				GCC_PREPROCESSOR_DEFINITIONS = (
					"DEBUG=1",
					"$(inherited)",
				);
				GCC_WARN_64_TO_32_BIT_CONVERSION = YES;
				GCC_WARN_ABOUT_RETURN_TYPE = YES_ERROR;
				GCC_WARN_UNDECLARED_SELECTOR = YES;
				GCC_WARN_UNINITIALIZED_AUTOS = YES_AGGRESSIVE;
				GCC_WARN_UNUSED_FUNCTION = YES;
				GCC_WARN_UNUSED_VARIABLE = YES;
				IPHONEOS_DEPLOYMENT_TARGET = 13.2;
				MTL_ENABLE_DEBUG_INFO = INCLUDE_SOURCE;
				MTL_FAST_MATH = YES;
				ONLY_ACTIVE_ARCH = YES;
				SDKROOT = iphoneos;
				SWIFT_ACTIVE_COMPILATION_CONDITIONS = DEBUG;
				SWIFT_OPTIMIZATION_LEVEL = "-Onone";
			};
			name = Debug;
		};
		D1F5422525F8D69700A48C7A /* Release */ = {
			isa = XCBuildConfiguration;
			buildSettings = {
				ALWAYS_SEARCH_USER_PATHS = NO;
				CLANG_ANALYZER_NONNULL = YES;
				CLANG_ANALYZER_NUMBER_OBJECT_CONVERSION = YES_AGGRESSIVE;
				CLANG_CXX_LANGUAGE_STANDARD = "gnu++14";
				CLANG_CXX_LIBRARY = "libc++";
				CLANG_ENABLE_MODULES = YES;
				CLANG_ENABLE_OBJC_ARC = YES;
				CLANG_ENABLE_OBJC_WEAK = YES;
				CLANG_WARN_BLOCK_CAPTURE_AUTORELEASING = YES;
				CLANG_WARN_BOOL_CONVERSION = YES;
				CLANG_WARN_COMMA = YES;
				CLANG_WARN_CONSTANT_CONVERSION = YES;
				CLANG_WARN_DEPRECATED_OBJC_IMPLEMENTATIONS = YES;
				CLANG_WARN_DIRECT_OBJC_ISA_USAGE = YES_ERROR;
				CLANG_WARN_DOCUMENTATION_COMMENTS = YES;
				CLANG_WARN_EMPTY_BODY = YES;
				CLANG_WARN_ENUM_CONVERSION = YES;
				CLANG_WARN_INFINITE_RECURSION = YES;
				CLANG_WARN_INT_CONVERSION = YES;
				CLANG_WARN_NON_LITERAL_NULL_CONVERSION = YES;
				CLANG_WARN_OBJC_IMPLICIT_RETAIN_SELF = YES;
				CLANG_WARN_OBJC_LITERAL_CONVERSION = YES;
				CLANG_WARN_OBJC_ROOT_CLASS = YES_ERROR;
				CLANG_WARN_RANGE_LOOP_ANALYSIS = YES;
				CLANG_WARN_STRICT_PROTOTYPES = YES;
				CLANG_WARN_SUSPICIOUS_MOVE = YES;
				CLANG_WARN_UNGUARDED_AVAILABILITY = YES_AGGRESSIVE;
				CLANG_WARN_UNREACHABLE_CODE = YES;
				CLANG_WARN__DUPLICATE_METHOD_MATCH = YES;
				COPY_PHASE_STRIP = NO;
				DEBUG_INFORMATION_FORMAT = "dwarf-with-dsym";
				ENABLE_NS_ASSERTIONS = NO;
				ENABLE_STRICT_OBJC_MSGSEND = YES;
				GCC_C_LANGUAGE_STANDARD = gnu11;
				GCC_NO_COMMON_BLOCKS = YES;
				GCC_WARN_64_TO_32_BIT_CONVERSION = YES;
				GCC_WARN_ABOUT_RETURN_TYPE = YES_ERROR;
				GCC_WARN_UNDECLARED_SELECTOR = YES;
				GCC_WARN_UNINITIALIZED_AUTOS = YES_AGGRESSIVE;
				GCC_WARN_UNUSED_FUNCTION = YES;
				GCC_WARN_UNUSED_VARIABLE = YES;
				IPHONEOS_DEPLOYMENT_TARGET = 13.2;
				MTL_ENABLE_DEBUG_INFO = NO;
				MTL_FAST_MATH = YES;
				SDKROOT = iphoneos;
				SWIFT_COMPILATION_MODE = wholemodule;
				SWIFT_OPTIMIZATION_LEVEL = "-O";
				VALIDATE_PRODUCT = YES;
			};
			name = Release;
		};
		D1F5422725F8D69700A48C7A /* Debug */ = {
			isa = XCBuildConfiguration;
			buildSettings = {
				ASSETCATALOG_COMPILER_APPICON_NAME = AppIcon;
				CODE_SIGN_STYLE = Automatic;
				DEVELOPMENT_ASSET_PATHS = "\"SpinFruits/Preview Content\"";
				DEVELOPMENT_TEAM = VP82G3HGX6;
				ENABLE_PREVIEWS = YES;
				INFOPLIST_FILE = SpinFruits/Info.plist;
				LD_RUNPATH_SEARCH_PATHS = (
					"$(inherited)",
					"@executable_path/Frameworks",
				);
				PRODUCT_BUNDLE_IDENTIFIER = arjmaster.SpinFruits;
				PRODUCT_NAME = "$(TARGET_NAME)";
				SWIFT_VERSION = 5.0;
				TARGETED_DEVICE_FAMILY = "1,2";
			};
			name = Debug;
		};
		D1F5422825F8D69700A48C7A /* Release */ = {
			isa = XCBuildConfiguration;
			buildSettings = {
				ASSETCATALOG_COMPILER_APPICON_NAME = AppIcon;
				CODE_SIGN_STYLE = Automatic;
				DEVELOPMENT_ASSET_PATHS = "\"SpinFruits/Preview Content\"";
				DEVELOPMENT_TEAM = VP82G3HGX6;
				ENABLE_PREVIEWS = YES;
				INFOPLIST_FILE = SpinFruits/Info.plist;
				LD_RUNPATH_SEARCH_PATHS = (
					"$(inherited)",
					"@executable_path/Frameworks",
				);
				PRODUCT_BUNDLE_IDENTIFIER = arjmaster.SpinFruits;
				PRODUCT_NAME = "$(TARGET_NAME)";
				SWIFT_VERSION = 5.0;
				TARGETED_DEVICE_FAMILY = "1,2";
			};
			name = Release;
		};
/* End XCBuildConfiguration section */

/* Begin XCConfigurationList section */
		D1F5420D25F8D69600A48C7A /* Build configuration list for PBXProject "SpinFruits" */ = {
			isa = XCConfigurationList;
			buildConfigurations = (
				D1F5422425F8D69700A48C7A /* Debug */,
				D1F5422525F8D69700A48C7A /* Release */,
			);
			defaultConfigurationIsVisible = 0;
			defaultConfigurationName = Release;
		};
		D1F5422625F8D69700A48C7A /* Build configuration list for PBXNativeTarget "SpinFruits" */ = {
			isa = XCConfigurationList;
			buildConfigurations = (
				D1F5422725F8D69700A48C7A /* Debug */,
				D1F5422825F8D69700A48C7A /* Release */,
			);
			defaultConfigurationIsVisible = 0;
			defaultConfigurationName = Release;
		};
/* End XCConfigurationList section */
	};
	rootObject = D1F5420A25F8D69600A48C7A /* Project object */;
}
